// !$*UTF8*$!
{
	archiveVersion = 1;
	classes = {
	};
	objectVersion = 51;
	objects = {

/* Begin PBXBuildFile section */
		131BECB11CD8542815782FC6 /* Pods_GitSearch.framework in Frameworks */ = {isa = PBXBuildFile; fileRef = 981054CD3B5028B17D4D8028 /* Pods_GitSearch.framework */; };
		6B79EA3F254F2B4E007CABDF /* AppDelegate.swift in Sources */ = {isa = PBXBuildFile; fileRef = 6B79EA3E254F2B4E007CABDF /* AppDelegate.swift */; };
		6B79EA41254F2B4E007CABDF /* SceneDelegate.swift in Sources */ = {isa = PBXBuildFile; fileRef = 6B79EA40254F2B4E007CABDF /* SceneDelegate.swift */; };
		6B79EA43254F2B4E007CABDF /* SearchGitViewController.swift in Sources */ = {isa = PBXBuildFile; fileRef = 6B79EA42254F2B4E007CABDF /* SearchGitViewController.swift */; };
		6B79EA48254F2B50007CABDF /* Assets.xcassets in Resources */ = {isa = PBXBuildFile; fileRef = 6B79EA47254F2B50007CABDF /* Assets.xcassets */; };
		6B79EA4B254F2B50007CABDF /* LaunchScreen.storyboard in Resources */ = {isa = PBXBuildFile; fileRef = 6B79EA49254F2B50007CABDF /* LaunchScreen.storyboard */; };
		6B79EA68254F2DCC007CABDF /* SearchGitViewCell.swift in Sources */ = {isa = PBXBuildFile; fileRef = 6B79EA67254F2DCC007CABDF /* SearchGitViewCell.swift */; };
		6B91675725568B1500A52328 /* User.swift in Sources */ = {isa = PBXBuildFile; fileRef = 6B91675625568B1500A52328 /* User.swift */; };
		6B91675B25568B4D00A52328 /* Repositories.swift in Sources */ = {isa = PBXBuildFile; fileRef = 6B91675A25568B4D00A52328 /* Repositories.swift */; };
		6B91676F2556962C00A52328 /* APIProvider.swift in Sources */ = {isa = PBXBuildFile; fileRef = 6B91676E2556962C00A52328 /* APIProvider.swift */; };
		6B91677A2556973F00A52328 /* APIConfiguration.swift in Sources */ = {isa = PBXBuildFile; fileRef = 6B9167792556973F00A52328 /* APIConfiguration.swift */; };
		6B9167812556C33100A52328 /* NetworkManager.swift in Sources */ = {isa = PBXBuildFile; fileRef = 6B9167802556C33100A52328 /* NetworkManager.swift */; };
		6B91678D255704CB00A52328 /* UIColor + Extension.swift in Sources */ = {isa = PBXBuildFile; fileRef = 6B91678C255704CB00A52328 /* UIColor + Extension.swift */; };
		6BB7D87725500EA400A8F77F /* BaseView.swift in Sources */ = {isa = PBXBuildFile; fileRef = 6BB7D87625500EA400A8F77F /* BaseView.swift */; };
		6BB7D87B2550105900A8F77F /* BaseNavigationController.swift in Sources */ = {isa = PBXBuildFile; fileRef = 6BB7D87A2550105900A8F77F /* BaseNavigationController.swift */; };
		6BB7D888255011C600A8F77F /* Constants.swift in Sources */ = {isa = PBXBuildFile; fileRef = 6BB7D887255011C600A8F77F /* Constants.swift */; };
		6BB7D88C2550125200A8F77F /* BaseViewController.swift in Sources */ = {isa = PBXBuildFile; fileRef = 6BB7D88B2550125200A8F77F /* BaseViewController.swift */; };
		6BFE59202555E15100179AA8 /* ProfileGitController.swift in Sources */ = {isa = PBXBuildFile; fileRef = 6BFE591F2555E15100179AA8 /* ProfileGitController.swift */; };
		6BFE59242555E16F00179AA8 /* ProfileInfoCell.swift in Sources */ = {isa = PBXBuildFile; fileRef = 6BFE59232555E16F00179AA8 /* ProfileInfoCell.swift */; };
		6BFE59272555E18600179AA8 /* RepoInfoCell.swift in Sources */ = {isa = PBXBuildFile; fileRef = 6BFE59262555E18600179AA8 /* RepoInfoCell.swift */; };
		6BFE592B2555E77B00179AA8 /* UITableView + Extension.swift in Sources */ = {isa = PBXBuildFile; fileRef = 6BFE592A2555E77B00179AA8 /* UITableView + Extension.swift */; };
		6BFE59382555F4FA00179AA8 /* LineView.swift in Sources */ = {isa = PBXBuildFile; fileRef = 6BFE59372555F4FA00179AA8 /* LineView.swift */; };
/* End PBXBuildFile section */

/* Begin PBXFileReference section */
		61DD644F72CA535D225D29F2 /* Pods-GitSearch.debug.xcconfig */ = {isa = PBXFileReference; includeInIndex = 1; lastKnownFileType = text.xcconfig; name = "Pods-GitSearch.debug.xcconfig"; path = "Target Support Files/Pods-GitSearch/Pods-GitSearch.debug.xcconfig"; sourceTree = "<group>"; };
		6B79EA3B254F2B4E007CABDF /* GitSearch.app */ = {isa = PBXFileReference; explicitFileType = wrapper.application; includeInIndex = 0; path = GitSearch.app; sourceTree = BUILT_PRODUCTS_DIR; };
		6B79EA3E254F2B4E007CABDF /* AppDelegate.swift */ = {isa = PBXFileReference; lastKnownFileType = sourcecode.swift; path = AppDelegate.swift; sourceTree = "<group>"; };
		6B79EA40254F2B4E007CABDF /* SceneDelegate.swift */ = {isa = PBXFileReference; lastKnownFileType = sourcecode.swift; path = SceneDelegate.swift; sourceTree = "<group>"; };
		6B79EA42254F2B4E007CABDF /* SearchGitViewController.swift */ = {isa = PBXFileReference; lastKnownFileType = sourcecode.swift; path = SearchGitViewController.swift; sourceTree = "<group>"; };
		6B79EA47254F2B50007CABDF /* Assets.xcassets */ = {isa = PBXFileReference; lastKnownFileType = folder.assetcatalog; path = Assets.xcassets; sourceTree = "<group>"; };
		6B79EA4A254F2B50007CABDF /* Base */ = {isa = PBXFileReference; lastKnownFileType = file.storyboard; name = Base; path = Base.lproj/LaunchScreen.storyboard; sourceTree = "<group>"; };
		6B79EA4C254F2B50007CABDF /* Info.plist */ = {isa = PBXFileReference; lastKnownFileType = text.plist.xml; path = Info.plist; sourceTree = "<group>"; };
		6B79EA67254F2DCC007CABDF /* SearchGitViewCell.swift */ = {isa = PBXFileReference; lastKnownFileType = sourcecode.swift; path = SearchGitViewCell.swift; sourceTree = "<group>"; };
		6B91675625568B1500A52328 /* User.swift */ = {isa = PBXFileReference; lastKnownFileType = sourcecode.swift; path = User.swift; sourceTree = "<group>"; };
		6B91675A25568B4D00A52328 /* Repositories.swift */ = {isa = PBXFileReference; lastKnownFileType = sourcecode.swift; path = Repositories.swift; sourceTree = "<group>"; };
		6B91676E2556962C00A52328 /* APIProvider.swift */ = {isa = PBXFileReference; lastKnownFileType = sourcecode.swift; path = APIProvider.swift; sourceTree = "<group>"; };
		6B9167792556973F00A52328 /* APIConfiguration.swift */ = {isa = PBXFileReference; lastKnownFileType = sourcecode.swift; path = APIConfiguration.swift; sourceTree = "<group>"; };
		6B9167802556C33100A52328 /* NetworkManager.swift */ = {isa = PBXFileReference; lastKnownFileType = sourcecode.swift; path = NetworkManager.swift; sourceTree = "<group>"; };
		6B91678C255704CB00A52328 /* UIColor + Extension.swift */ = {isa = PBXFileReference; lastKnownFileType = sourcecode.swift; path = "UIColor + Extension.swift"; sourceTree = "<group>"; };
		6BB7D87625500EA400A8F77F /* BaseView.swift */ = {isa = PBXFileReference; lastKnownFileType = sourcecode.swift; path = BaseView.swift; sourceTree = "<group>"; };
		6BB7D87A2550105900A8F77F /* BaseNavigationController.swift */ = {isa = PBXFileReference; lastKnownFileType = sourcecode.swift; path = BaseNavigationController.swift; sourceTree = "<group>"; };
		6BB7D887255011C600A8F77F /* Constants.swift */ = {isa = PBXFileReference; lastKnownFileType = sourcecode.swift; path = Constants.swift; sourceTree = "<group>"; };
		6BB7D88B2550125200A8F77F /* BaseViewController.swift */ = {isa = PBXFileReference; lastKnownFileType = sourcecode.swift; path = BaseViewController.swift; sourceTree = "<group>"; };
		6BFE591F2555E15100179AA8 /* ProfileGitController.swift */ = {isa = PBXFileReference; lastKnownFileType = sourcecode.swift; path = ProfileGitController.swift; sourceTree = "<group>"; };
		6BFE59232555E16F00179AA8 /* ProfileInfoCell.swift */ = {isa = PBXFileReference; lastKnownFileType = sourcecode.swift; path = ProfileInfoCell.swift; sourceTree = "<group>"; };
		6BFE59262555E18600179AA8 /* RepoInfoCell.swift */ = {isa = PBXFileReference; lastKnownFileType = sourcecode.swift; path = RepoInfoCell.swift; sourceTree = "<group>"; };
		6BFE592A2555E77B00179AA8 /* UITableView + Extension.swift */ = {isa = PBXFileReference; lastKnownFileType = sourcecode.swift; path = "UITableView + Extension.swift"; sourceTree = "<group>"; };
		6BFE59372555F4FA00179AA8 /* LineView.swift */ = {isa = PBXFileReference; lastKnownFileType = sourcecode.swift; path = LineView.swift; sourceTree = "<group>"; };
		981054CD3B5028B17D4D8028 /* Pods_GitSearch.framework */ = {isa = PBXFileReference; explicitFileType = wrapper.framework; includeInIndex = 0; path = Pods_GitSearch.framework; sourceTree = BUILT_PRODUCTS_DIR; };
		ABB93621D7C770EA264A39DD /* Pods-GitSearch.release.xcconfig */ = {isa = PBXFileReference; includeInIndex = 1; lastKnownFileType = text.xcconfig; name = "Pods-GitSearch.release.xcconfig"; path = "Target Support Files/Pods-GitSearch/Pods-GitSearch.release.xcconfig"; sourceTree = "<group>"; };
/* End PBXFileReference section */

/* Begin PBXFrameworksBuildPhase section */
		6B79EA38254F2B4E007CABDF /* Frameworks */ = {
			isa = PBXFrameworksBuildPhase;
			buildActionMask = 2147483647;
			files = (
				131BECB11CD8542815782FC6 /* Pods_GitSearch.framework in Frameworks */,
			);
			runOnlyForDeploymentPostprocessing = 0;
		};
/* End PBXFrameworksBuildPhase section */

/* Begin PBXGroup section */
		2ABC0F9DB84DAB5F62BDCCC9 /* Pods */ = {
			isa = PBXGroup;
			children = (
				61DD644F72CA535D225D29F2 /* Pods-GitSearch.debug.xcconfig */,
				ABB93621D7C770EA264A39DD /* Pods-GitSearch.release.xcconfig */,
			);
			path = Pods;
			sourceTree = "<group>";
		};
		6B79EA32254F2B4E007CABDF = {
			isa = PBXGroup;
			children = (
				6B79EA3D254F2B4E007CABDF /* GitSearch */,
				6B79EA3C254F2B4E007CABDF /* Products */,
				2ABC0F9DB84DAB5F62BDCCC9 /* Pods */,
				F588C0DE927F4B8565DCE06F /* Frameworks */,
			);
			sourceTree = "<group>";
		};
		6B79EA3C254F2B4E007CABDF /* Products */ = {
			isa = PBXGroup;
			children = (
				6B79EA3B254F2B4E007CABDF /* GitSearch.app */,
			);
			name = Products;
			sourceTree = "<group>";
		};
		6B79EA3D254F2B4E007CABDF /* GitSearch */ = {
			isa = PBXGroup;
			children = (
				6B79EA5F254F2CAC007CABDF /* Application */,
				6B79EA64254F2D9A007CABDF /* SearchGit */,
				6BFE591B2555E10E00179AA8 /* ProfileGit */,
				6B79EA60254F2CC0007CABDF /* Supporting Files */,
			);
			path = GitSearch;
			sourceTree = "<group>";
		};
		6B79EA5F254F2CAC007CABDF /* Application */ = {
			isa = PBXGroup;
			children = (
				6B79EA62254F2D02007CABDF /* View */,
				6B79EA61254F2CFA007CABDF /* Controller */,
				6BFE59292555E76200179AA8 /* Extensions */,
				6BB7D886255011A700A8F77F /* Helpers */,
				6B91676D2556961300A52328 /* Networking */,
			);
			path = Application;
			sourceTree = "<group>";
		};
		6B79EA60254F2CC0007CABDF /* Supporting Files */ = {
			isa = PBXGroup;
			children = (
				6B79EA40254F2B4E007CABDF /* SceneDelegate.swift */,
				6B79EA47254F2B50007CABDF /* Assets.xcassets */,
				6B79EA4C254F2B50007CABDF /* Info.plist */,
			);
			path = "Supporting Files";
			sourceTree = "<group>";
		};
		6B79EA61254F2CFA007CABDF /* Controller */ = {
			isa = PBXGroup;
			children = (
				6B79EA3E254F2B4E007CABDF /* AppDelegate.swift */,
				6BB7D87A2550105900A8F77F /* BaseNavigationController.swift */,
				6BB7D88B2550125200A8F77F /* BaseViewController.swift */,
			);
			path = Controller;
			sourceTree = "<group>";
		};
		6B79EA62254F2D02007CABDF /* View */ = {
			isa = PBXGroup;
			children = (
				6B79EA49254F2B50007CABDF /* LaunchScreen.storyboard */,
				6BB7D87625500EA400A8F77F /* BaseView.swift */,
				6BFE59372555F4FA00179AA8 /* LineView.swift */,
			);
			path = View;
			sourceTree = "<group>";
		};
		6B79EA64254F2D9A007CABDF /* SearchGit */ = {
			isa = PBXGroup;
			children = (
				6B91675525568B0B00A52328 /* Model */,
				6B79EA66254F2DB8007CABDF /* View */,
				6B79EA65254F2DAB007CABDF /* Controller */,
			);
			path = SearchGit;
			sourceTree = "<group>";
		};
		6B79EA65254F2DAB007CABDF /* Controller */ = {
			isa = PBXGroup;
			children = (
				6B79EA42254F2B4E007CABDF /* SearchGitViewController.swift */,
			);
			name = Controller;
			sourceTree = "<group>";
		};
		6B79EA66254F2DB8007CABDF /* View */ = {
			isa = PBXGroup;
			children = (
				6B79EA67254F2DCC007CABDF /* SearchGitViewCell.swift */,
			);
			name = View;
			sourceTree = "<group>";
		};
		6B91675525568B0B00A52328 /* Model */ = {
			isa = PBXGroup;
			children = (
				6B91675625568B1500A52328 /* User.swift */,
			);
			name = Model;
			sourceTree = "<group>";
		};
		6B91675925568B4600A52328 /* Model */ = {
			isa = PBXGroup;
			children = (
				6B91675A25568B4D00A52328 /* Repositories.swift */,
			);
			path = Model;
			sourceTree = "<group>";
		};
		6B91676D2556961300A52328 /* Networking */ = {
			isa = PBXGroup;
			children = (
				6B91676E2556962C00A52328 /* APIProvider.swift */,
				6B9167792556973F00A52328 /* APIConfiguration.swift */,
				6B9167802556C33100A52328 /* NetworkManager.swift */,
			);
			path = Networking;
			sourceTree = "<group>";
		};
		6BB7D886255011A700A8F77F /* Helpers */ = {
			isa = PBXGroup;
			children = (
				6BB7D887255011C600A8F77F /* Constants.swift */,
			);
			path = Helpers;
			sourceTree = "<group>";
		};
		6BFE591B2555E10E00179AA8 /* ProfileGit */ = {
			isa = PBXGroup;
			children = (
				6B91675925568B4600A52328 /* Model */,
				6BFE591D2555E12300179AA8 /* View */,
				6BFE591C2555E11C00179AA8 /* Controller */,
			);
			path = ProfileGit;
			sourceTree = "<group>";
		};
		6BFE591C2555E11C00179AA8 /* Controller */ = {
			isa = PBXGroup;
			children = (
				6BFE591F2555E15100179AA8 /* ProfileGitController.swift */,
			);
			path = Controller;
			sourceTree = "<group>";
		};
		6BFE591D2555E12300179AA8 /* View */ = {
			isa = PBXGroup;
			children = (
				6BFE59232555E16F00179AA8 /* ProfileInfoCell.swift */,
				6BFE59262555E18600179AA8 /* RepoInfoCell.swift */,
			);
			path = View;
			sourceTree = "<group>";
		};
		6BFE59292555E76200179AA8 /* Extensions */ = {
			isa = PBXGroup;
			children = (
				6BFE592A2555E77B00179AA8 /* UITableView + Extension.swift */,
				6B91678C255704CB00A52328 /* UIColor + Extension.swift */,
			);
			path = Extensions;
			sourceTree = "<group>";
		};
		F588C0DE927F4B8565DCE06F /* Frameworks */ = {
			isa = PBXGroup;
			children = (
				981054CD3B5028B17D4D8028 /* Pods_GitSearch.framework */,
			);
			name = Frameworks;
			sourceTree = "<group>";
		};
/* End PBXGroup section */

/* Begin PBXNativeTarget section */
		6B79EA3A254F2B4E007CABDF /* GitSearch */ = {
			isa = PBXNativeTarget;
			buildConfigurationList = 6B79EA4F254F2B50007CABDF /* Build configuration list for PBXNativeTarget "GitSearch" */;
			buildPhases = (
				0DBAACF2301C0D6E2416E22F /* [CP] Check Pods Manifest.lock */,
				6B79EA37254F2B4E007CABDF /* Sources */,
				6B79EA38254F2B4E007CABDF /* Frameworks */,
				6B79EA39254F2B4E007CABDF /* Resources */,
				3368BEEE85705E14FC3C944B /* [CP] Embed Pods Frameworks */,
			);
			buildRules = (
			);
			dependencies = (
			);
			name = GitSearch;
			productName = GitSearch;
			productReference = 6B79EA3B254F2B4E007CABDF /* GitSearch.app */;
			productType = "com.apple.product-type.application";
		};
/* End PBXNativeTarget section */

/* Begin PBXProject section */
		6B79EA33254F2B4E007CABDF /* Project object */ = {
			isa = PBXProject;
			attributes = {
				LastSwiftUpdateCheck = 1210;
				LastUpgradeCheck = 1210;
				TargetAttributes = {
					6B79EA3A254F2B4E007CABDF = {
						CreatedOnToolsVersion = 12.1;
					};
				};
			};
			buildConfigurationList = 6B79EA36254F2B4E007CABDF /* Build configuration list for PBXProject "GitSearch" */;
			compatibilityVersion = "Xcode 9.3";
			developmentRegion = en;
			hasScannedForEncodings = 0;
			knownRegions = (
				en,
				Base,
			);
			mainGroup = 6B79EA32254F2B4E007CABDF;
			productRefGroup = 6B79EA3C254F2B4E007CABDF /* Products */;
			projectDirPath = "";
			projectRoot = "";
			targets = (
				6B79EA3A254F2B4E007CABDF /* GitSearch */,
			);
		};
/* End PBXProject section */

/* Begin PBXResourcesBuildPhase section */
		6B79EA39254F2B4E007CABDF /* Resources */ = {
			isa = PBXResourcesBuildPhase;
			buildActionMask = 2147483647;
			files = (
				6B79EA4B254F2B50007CABDF /* LaunchScreen.storyboard in Resources */,
				6B79EA48254F2B50007CABDF /* Assets.xcassets in Resources */,
			);
			runOnlyForDeploymentPostprocessing = 0;
		};
/* End PBXResourcesBuildPhase section */

/* Begin PBXShellScriptBuildPhase section */
		0DBAACF2301C0D6E2416E22F /* [CP] Check Pods Manifest.lock */ = {
			isa = PBXShellScriptBuildPhase;
			buildActionMask = 2147483647;
			files = (
			);
			inputFileListPaths = (
			);
			inputPaths = (
				"${PODS_PODFILE_DIR_PATH}/Podfile.lock",
				"${PODS_ROOT}/Manifest.lock",
			);
			name = "[CP] Check Pods Manifest.lock";
			outputFileListPaths = (
			);
			outputPaths = (
				"$(DERIVED_FILE_DIR)/Pods-GitSearch-checkManifestLockResult.txt",
			);
			runOnlyForDeploymentPostprocessing = 0;
			shellPath = /bin/sh;
			shellScript = "diff \"${PODS_PODFILE_DIR_PATH}/Podfile.lock\" \"${PODS_ROOT}/Manifest.lock\" > /dev/null\nif [ $? != 0 ] ; then\n    # print error to STDERR\n    echo \"error: The sandbox is not in sync with the Podfile.lock. Run 'pod install' or update your CocoaPods installation.\" >&2\n    exit 1\nfi\n# This output is used by Xcode 'outputs' to avoid re-running this script phase.\necho \"SUCCESS\" > \"${SCRIPT_OUTPUT_FILE_0}\"\n";
			showEnvVarsInLog = 0;
		};
		3368BEEE85705E14FC3C944B /* [CP] Embed Pods Frameworks */ = {
			isa = PBXShellScriptBuildPhase;
			buildActionMask = 2147483647;
			files = (
			);
			inputFileListPaths = (
				"${PODS_ROOT}/Target Support Files/Pods-GitSearch/Pods-GitSearch-frameworks-${CONFIGURATION}-input-files.xcfilelist",
			);
			name = "[CP] Embed Pods Frameworks";
			outputFileListPaths = (
				"${PODS_ROOT}/Target Support Files/Pods-GitSearch/Pods-GitSearch-frameworks-${CONFIGURATION}-output-files.xcfilelist",
			);
			runOnlyForDeploymentPostprocessing = 0;
			shellPath = /bin/sh;
			shellScript = "\"${PODS_ROOT}/Target Support Files/Pods-GitSearch/Pods-GitSearch-frameworks.sh\"\n";
			showEnvVarsInLog = 0;
		};
/* End PBXShellScriptBuildPhase section */

/* Begin PBXSourcesBuildPhase section */
		6B79EA37254F2B4E007CABDF /* Sources */ = {
			isa = PBXSourcesBuildPhase;
			buildActionMask = 2147483647;
			files = (
				6B9167812556C33100A52328 /* NetworkManager.swift in Sources */,
				6B79EA43254F2B4E007CABDF /* SearchGitViewController.swift in Sources */,
				6B91676F2556962C00A52328 /* APIProvider.swift in Sources */,
				6B91677A2556973F00A52328 /* APIConfiguration.swift in Sources */,
				6B79EA3F254F2B4E007CABDF /* AppDelegate.swift in Sources */,
				6BB7D87B2550105900A8F77F /* BaseNavigationController.swift in Sources */,
				6BFE59202555E15100179AA8 /* ProfileGitController.swift in Sources */,
				6BFE592B2555E77B00179AA8 /* UITableView + Extension.swift in Sources */,
				6BFE59242555E16F00179AA8 /* ProfileInfoCell.swift in Sources */,
				6B91675725568B1500A52328 /* User.swift in Sources */,
				6B91678D255704CB00A52328 /* UIColor + Extension.swift in Sources */,
				6B79EA41254F2B4E007CABDF /* SceneDelegate.swift in Sources */,
				6BFE59272555E18600179AA8 /* RepoInfoCell.swift in Sources */,
				6BB7D888255011C600A8F77F /* Constants.swift in Sources */,
				6B91675B25568B4D00A52328 /* Repositories.swift in Sources */,
				6BB7D88C2550125200A8F77F /* BaseViewController.swift in Sources */,
				6BB7D87725500EA400A8F77F /* BaseView.swift in Sources */,
				6BFE59382555F4FA00179AA8 /* LineView.swift in Sources */,
				6B79EA68254F2DCC007CABDF /* SearchGitViewCell.swift in Sources */,
			);
			runOnlyForDeploymentPostprocessing = 0;
		};
/* End PBXSourcesBuildPhase section */

/* Begin PBXVariantGroup section */
		6B79EA49254F2B50007CABDF /* LaunchScreen.storyboard */ = {
			isa = PBXVariantGroup;
			children = (
				6B79EA4A254F2B50007CABDF /* Base */,
			);
			name = LaunchScreen.storyboard;
			sourceTree = "<group>";
		};
/* End PBXVariantGroup section */

/* Begin XCBuildConfiguration section */
		6B79EA4D254F2B50007CABDF /* Debug */ = {
			isa = XCBuildConfiguration;
			buildSettings = {
				ALWAYS_SEARCH_USER_PATHS = NO;
				CLANG_ANALYZER_NONNULL = YES;
				CLANG_ANALYZER_NUMBER_OBJECT_CONVERSION = YES_AGGRESSIVE;
				CLANG_CXX_LANGUAGE_STANDARD = "gnu++14";
				CLANG_CXX_LIBRARY = "libc++";
				CLANG_ENABLE_MODULES = YES;
				CLANG_ENABLE_OBJC_ARC = YES;
				CLANG_ENABLE_OBJC_WEAK = YES;
				CLANG_WARN_BLOCK_CAPTURE_AUTORELEASING = YES;
				CLANG_WARN_BOOL_CONVERSION = YES;
				CLANG_WARN_COMMA = YES;
				CLANG_WARN_CONSTANT_CONVERSION = YES;
				CLANG_WARN_DEPRECATED_OBJC_IMPLEMENTATIONS = YES;
				CLANG_WARN_DIRECT_OBJC_ISA_USAGE = YES_ERROR;
				CLANG_WARN_DOCUMENTATION_COMMENTS = YES;
				CLANG_WARN_EMPTY_BODY = YES;
				CLANG_WARN_ENUM_CONVERSION = YES;
				CLANG_WARN_INFINITE_RECURSION = YES;
				CLANG_WARN_INT_CONVERSION = YES;
				CLANG_WARN_NON_LITERAL_NULL_CONVERSION = YES;
				CLANG_WARN_OBJC_IMPLICIT_RETAIN_SELF = YES;
				CLANG_WARN_OBJC_LITERAL_CONVERSION = YES;
				CLANG_WARN_OBJC_ROOT_CLASS = YES_ERROR;
				CLANG_WARN_QUOTED_INCLUDE_IN_FRAMEWORK_HEADER = YES;
				CLANG_WARN_RANGE_LOOP_ANALYSIS = YES;
				CLANG_WARN_STRICT_PROTOTYPES = YES;
				CLANG_WARN_SUSPICIOUS_MOVE = YES;
				CLANG_WARN_UNGUARDED_AVAILABILITY = YES_AGGRESSIVE;
				CLANG_WARN_UNREACHABLE_CODE = YES;
				CLANG_WARN__DUPLICATE_METHOD_MATCH = YES;
				COPY_PHASE_STRIP = NO;
				DEBUG_INFORMATION_FORMAT = dwarf;
				ENABLE_STRICT_OBJC_MSGSEND = YES;
				ENABLE_TESTABILITY = YES;
				GCC_C_LANGUAGE_STANDARD = gnu11;
				GCC_DYNAMIC_NO_PIC = NO;
				GCC_NO_COMMON_BLOCKS = YES;
				GCC_OPTIMIZATION_LEVEL = 0;
				GCC_PREPROCESSOR_DEFINITIONS = (
					"DEBUG=1",
					"$(inherited)",
				);
				GCC_WARN_64_TO_32_BIT_CONVERSION = YES;
				GCC_WARN_ABOUT_RETURN_TYPE = YES_ERROR;
				GCC_WARN_UNDECLARED_SELECTOR = YES;
				GCC_WARN_UNINITIALIZED_AUTOS = YES_AGGRESSIVE;
				GCC_WARN_UNUSED_FUNCTION = YES;
				GCC_WARN_UNUSED_VARIABLE = YES;
				IPHONEOS_DEPLOYMENT_TARGET = 14.1;
				MTL_ENABLE_DEBUG_INFO = INCLUDE_SOURCE;
				MTL_FAST_MATH = YES;
				ONLY_ACTIVE_ARCH = YES;
				SDKROOT = iphoneos;
				SWIFT_ACTIVE_COMPILATION_CONDITIONS = DEBUG;
				SWIFT_OPTIMIZATION_LEVEL = "-Onone";
			};
			name = Debug;
		};
		6B79EA4E254F2B50007CABDF /* Release */ = {
			isa = XCBuildConfiguration;
			buildSettings = {
				ALWAYS_SEARCH_USER_PATHS = NO;
				CLANG_ANALYZER_NONNULL = YES;
				CLANG_ANALYZER_NUMBER_OBJECT_CONVERSION = YES_AGGRESSIVE;
				CLANG_CXX_LANGUAGE_STANDARD = "gnu++14";
				CLANG_CXX_LIBRARY = "libc++";
				CLANG_ENABLE_MODULES = YES;
				CLANG_ENABLE_OBJC_ARC = YES;
				CLANG_ENABLE_OBJC_WEAK = YES;
				CLANG_WARN_BLOCK_CAPTURE_AUTORELEASING = YES;
				CLANG_WARN_BOOL_CONVERSION = YES;
				CLANG_WARN_COMMA = YES;
				CLANG_WARN_CONSTANT_CONVERSION = YES;
				CLANG_WARN_DEPRECATED_OBJC_IMPLEMENTATIONS = YES;
				CLANG_WARN_DIRECT_OBJC_ISA_USAGE = YES_ERROR;
				CLANG_WARN_DOCUMENTATION_COMMENTS = YES;
				CLANG_WARN_EMPTY_BODY = YES;
				CLANG_WARN_ENUM_CONVERSION = YES;
				CLANG_WARN_INFINITE_RECURSION = YES;
				CLANG_WARN_INT_CONVERSION = YES;
				CLANG_WARN_NON_LITERAL_NULL_CONVERSION = YES;
				CLANG_WARN_OBJC_IMPLICIT_RETAIN_SELF = YES;
				CLANG_WARN_OBJC_LITERAL_CONVERSION = YES;
				CLANG_WARN_OBJC_ROOT_CLASS = YES_ERROR;
				CLANG_WARN_QUOTED_INCLUDE_IN_FRAMEWORK_HEADER = YES;
				CLANG_WARN_RANGE_LOOP_ANALYSIS = YES;
				CLANG_WARN_STRICT_PROTOTYPES = YES;
				CLANG_WARN_SUSPICIOUS_MOVE = YES;
				CLANG_WARN_UNGUARDED_AVAILABILITY = YES_AGGRESSIVE;
				CLANG_WARN_UNREACHABLE_CODE = YES;
				CLANG_WARN__DUPLICATE_METHOD_MATCH = YES;
				COPY_PHASE_STRIP = NO;
				DEBUG_INFORMATION_FORMAT = "dwarf-with-dsym";
				ENABLE_NS_ASSERTIONS = NO;
				ENABLE_STRICT_OBJC_MSGSEND = YES;
				GCC_C_LANGUAGE_STANDARD = gnu11;
				GCC_NO_COMMON_BLOCKS = YES;
				GCC_WARN_64_TO_32_BIT_CONVERSION = YES;
				GCC_WARN_ABOUT_RETURN_TYPE = YES_ERROR;
				GCC_WARN_UNDECLARED_SELECTOR = YES;
				GCC_WARN_UNINITIALIZED_AUTOS = YES_AGGRESSIVE;
				GCC_WARN_UNUSED_FUNCTION = YES;
				GCC_WARN_UNUSED_VARIABLE = YES;
				IPHONEOS_DEPLOYMENT_TARGET = 14.1;
				MTL_ENABLE_DEBUG_INFO = NO;
				MTL_FAST_MATH = YES;
				SDKROOT = iphoneos;
				SWIFT_COMPILATION_MODE = wholemodule;
				SWIFT_OPTIMIZATION_LEVEL = "-O";
				VALIDATE_PRODUCT = YES;
			};
			name = Release;
		};
		6B79EA50254F2B50007CABDF /* Debug */ = {
			isa = XCBuildConfiguration;
			baseConfigurationReference = 61DD644F72CA535D225D29F2 /* Pods-GitSearch.debug.xcconfig */;
			buildSettings = {
				ASSETCATALOG_COMPILER_APPICON_NAME = AppIcon;
				ASSETCATALOG_COMPILER_GLOBAL_ACCENT_COLOR_NAME = AccentColor;
				CODE_SIGN_STYLE = Automatic;
				DEVELOPMENT_TEAM = L2PAJC487U;
				INFOPLIST_FILE = "GitSearch/Supporting Files/Info.plist";
				IPHONEOS_DEPLOYMENT_TARGET = 13.0;
				LD_RUNPATH_SEARCH_PATHS = (
					"$(inherited)",
					"@executable_path/Frameworks",
				);
				PRODUCT_BUNDLE_IDENTIFIER = kiseleff.GitSearch;
				PRODUCT_NAME = "$(TARGET_NAME)";
				SWIFT_VERSION = 5.0;
				TARGETED_DEVICE_FAMILY = 1;
			};
			name = Debug;
		};
		6B79EA51254F2B50007CABDF /* Release */ = {
			isa = XCBuildConfiguration;
			baseConfigurationReference = ABB93621D7C770EA264A39DD /* Pods-GitSearch.release.xcconfig */;
			buildSettings = {
				ASSETCATALOG_COMPILER_APPICON_NAME = AppIcon;
				ASSETCATALOG_COMPILER_GLOBAL_ACCENT_COLOR_NAME = AccentColor;
				CODE_SIGN_STYLE = Automatic;
				DEVELOPMENT_TEAM = L2PAJC487U;
				INFOPLIST_FILE = "GitSearch/Supporting Files/Info.plist";
				IPHONEOS_DEPLOYMENT_TARGET = 13.0;
				LD_RUNPATH_SEARCH_PATHS = (
					"$(inherited)",
					"@executable_path/Frameworks",
				);
				PRODUCT_BUNDLE_IDENTIFIER = kiseleff.GitSearch;
				PRODUCT_NAME = "$(TARGET_NAME)";
				SWIFT_VERSION = 5.0;
				TARGETED_DEVICE_FAMILY = 1;
			};
			name = Release;
		};
/* End XCBuildConfiguration section */

/* Begin XCConfigurationList section */
		6B79EA36254F2B4E007CABDF /* Build configuration list for PBXProject "GitSearch" */ = {
			isa = XCConfigurationList;
			buildConfigurations = (
				6B79EA4D254F2B50007CABDF /* Debug */,
				6B79EA4E254F2B50007CABDF /* Release */,
			);
			defaultConfigurationIsVisible = 0;
			defaultConfigurationName = Release;
		};
		6B79EA4F254F2B50007CABDF /* Build configuration list for PBXNativeTarget "GitSearch" */ = {
			isa = XCConfigurationList;
			buildConfigurations = (
				6B79EA50254F2B50007CABDF /* Debug */,
				6B79EA51254F2B50007CABDF /* Release */,
			);
			defaultConfigurationIsVisible = 0;
			defaultConfigurationName = Release;
		};
/* End XCConfigurationList section */
	};
	rootObject = 6B79EA33254F2B4E007CABDF /* Project object */;
}
